
Microsoft Visual Studio Solution File, Format Version 12.00
# Visual Studio Version 16
VisualStudioVersion = 16.0.30503.244
MinimumVisualStudioVersion = 10.0.40219.1
Project("{FAE04EC0-301F-11D3-BF4B-00C04F79EFBC}") = "TkmNotepad", "TkmNotepad\TkmNotepad.csproj", "{FE3AABE6-089D-4058-974C-214D7C67CCCB}"
EndProject
Global
	GlobalSection(SolutionConfigurationPlatforms) = preSolution
		Debug|Any CPU = Debug|Any CPU
		Release|Any CPU = Release|Any CPU
	EndGlobalSection
	GlobalSection(ProjectConfigurationPlatforms) = postSolution
		{FE3AABE6-089D-4058-974C-214D7C67CCCB}.Debug|Any CPU.ActiveCfg = Debug|Any CPU
		{FE3AABE6-089D-4058-974C-214D7C67CCCB}.Debug|Any CPU.Build.0 = Debug|Any CPU
		{FE3AABE6-089D-4058-974C-214D7C67CCCB}.Release|Any CPU.ActiveCfg = Release|Any CPU
		{FE3AABE6-089D-4058-974C-214D7C67CCCB}.Release|Any CPU.Build.0 = Release|Any CPU
	EndGlobalSection
	GlobalSection(SolutionProperties) = preSolution
		HideSolutionNode = FALSE
	EndGlobalSection
	GlobalSection(ExtensibilityGlobals) = postSolution
		SolutionGuid = {AEEF6449-52A1-4149-A2DA-133F38020263}
	EndGlobalSection
EndGlobal
